// !$*UTF8*$!
{
	archiveVersion = 1;
	classes = {
	};
	objectVersion = 48;
	objects = {

/* Begin PBXBuildFile section */
		49270354202F408F00C291A8 /* AppDelegate.swift in Sources */ = {isa = PBXBuildFile; fileRef = 49270353202F408F00C291A8 /* AppDelegate.swift */; };
		49270356202F408F00C291A8 /* ViewController.swift in Sources */ = {isa = PBXBuildFile; fileRef = 49270355202F408F00C291A8 /* ViewController.swift */; };
		49270359202F408F00C291A8 /* Main.storyboard in Resources */ = {isa = PBXBuildFile; fileRef = 49270357202F408F00C291A8 /* Main.storyboard */; };
		4927035B202F408F00C291A8 /* Assets.xcassets in Resources */ = {isa = PBXBuildFile; fileRef = 4927035A202F408F00C291A8 /* Assets.xcassets */; };
		4927035E202F408F00C291A8 /* LaunchScreen.storyboard in Resources */ = {isa = PBXBuildFile; fileRef = 4927035C202F408F00C291A8 /* LaunchScreen.storyboard */; };
		49270369202F899A00C291A8 /* MembersTableViewCell.swift in Sources */ = {isa = PBXBuildFile; fileRef = 49270367202F899A00C291A8 /* MembersTableViewCell.swift */; };
		4927036A202F899A00C291A8 /* MembersTableViewCell.xib in Resources */ = {isa = PBXBuildFile; fileRef = 49270368202F899A00C291A8 /* MembersTableViewCell.xib */; };
		4927036C202F8F0300C291A8 /* MemberLoginViewController.swift in Sources */ = {isa = PBXBuildFile; fileRef = 4927036B202F8F0300C291A8 /* MemberLoginViewController.swift */; };
		4927036E20301D1B00C291A8 /* MembersTableViewController.swift in Sources */ = {isa = PBXBuildFile; fileRef = 4927036D20301D1A00C291A8 /* MembersTableViewController.swift */; };
		496F74622034D81B001951CE /* MemberCellModel.swift in Sources */ = {isa = PBXBuildFile; fileRef = 496F74612034D81B001951CE /* MemberCellModel.swift */; };
		496F74642034E3D2001951CE /* MemberDetailViewController.swift in Sources */ = {isa = PBXBuildFile; fileRef = 496F74632034E3D2001951CE /* MemberDetailViewController.swift */; };
		A7640D5A0DF91A3BBF49BF38 /* Pods_stfab4.framework in Frameworks */ = {isa = PBXBuildFile; fileRef = 4DD8E547F7B07724F757A3C5 /* Pods_stfab4.framework */; };
/* End PBXBuildFile section */

/* Begin PBXFileReference section */
		49270350202F408F00C291A8 /* stfab4.app */ = {isa = PBXFileReference; explicitFileType = wrapper.application; includeInIndex = 0; path = stfab4.app; sourceTree = BUILT_PRODUCTS_DIR; };
		49270353202F408F00C291A8 /* AppDelegate.swift */ = {isa = PBXFileReference; lastKnownFileType = sourcecode.swift; path = AppDelegate.swift; sourceTree = "<group>"; };
		49270355202F408F00C291A8 /* ViewController.swift */ = {isa = PBXFileReference; lastKnownFileType = sourcecode.swift; path = ViewController.swift; sourceTree = "<group>"; };
		49270358202F408F00C291A8 /* Base */ = {isa = PBXFileReference; lastKnownFileType = file.storyboard; name = Base; path = Base.lproj/Main.storyboard; sourceTree = "<group>"; };
		4927035A202F408F00C291A8 /* Assets.xcassets */ = {isa = PBXFileReference; lastKnownFileType = folder.assetcatalog; path = Assets.xcassets; sourceTree = "<group>"; };
		4927035D202F408F00C291A8 /* Base */ = {isa = PBXFileReference; lastKnownFileType = file.storyboard; name = Base; path = Base.lproj/LaunchScreen.storyboard; sourceTree = "<group>"; };
		4927035F202F408F00C291A8 /* Info.plist */ = {isa = PBXFileReference; lastKnownFileType = text.plist.xml; path = Info.plist; sourceTree = "<group>"; };
		49270367202F899A00C291A8 /* MembersTableViewCell.swift */ = {isa = PBXFileReference; lastKnownFileType = sourcecode.swift; path = MembersTableViewCell.swift; sourceTree = "<group>"; };
		49270368202F899A00C291A8 /* MembersTableViewCell.xib */ = {isa = PBXFileReference; lastKnownFileType = file.xib; path = MembersTableViewCell.xib; sourceTree = "<group>"; };
		4927036B202F8F0300C291A8 /* MemberLoginViewController.swift */ = {isa = PBXFileReference; lastKnownFileType = sourcecode.swift; path = MemberLoginViewController.swift; sourceTree = "<group>"; };
		4927036D20301D1A00C291A8 /* MembersTableViewController.swift */ = {isa = PBXFileReference; lastKnownFileType = sourcecode.swift; path = MembersTableViewController.swift; sourceTree = "<group>"; };
		496F74612034D81B001951CE /* MemberCellModel.swift */ = {isa = PBXFileReference; lastKnownFileType = sourcecode.swift; path = MemberCellModel.swift; sourceTree = "<group>"; };
		496F74632034E3D2001951CE /* MemberDetailViewController.swift */ = {isa = PBXFileReference; lastKnownFileType = sourcecode.swift; path = MemberDetailViewController.swift; sourceTree = "<group>"; };
		4DD8E547F7B07724F757A3C5 /* Pods_stfab4.framework */ = {isa = PBXFileReference; explicitFileType = wrapper.framework; includeInIndex = 0; path = Pods_stfab4.framework; sourceTree = BUILT_PRODUCTS_DIR; };
		6B8708DAFF15783E1B863257 /* Pods-stfab4.release.xcconfig */ = {isa = PBXFileReference; includeInIndex = 1; lastKnownFileType = text.xcconfig; name = "Pods-stfab4.release.xcconfig"; path = "Pods/Target Support Files/Pods-stfab4/Pods-stfab4.release.xcconfig"; sourceTree = "<group>"; };
		719A56914FFF5A81E8D087C5 /* Pods-stfab4.debug.xcconfig */ = {isa = PBXFileReference; includeInIndex = 1; lastKnownFileType = text.xcconfig; name = "Pods-stfab4.debug.xcconfig"; path = "Pods/Target Support Files/Pods-stfab4/Pods-stfab4.debug.xcconfig"; sourceTree = "<group>"; };
/* End PBXFileReference section */

/* Begin PBXFrameworksBuildPhase section */
		4927034D202F408E00C291A8 /* Frameworks */ = {
			isa = PBXFrameworksBuildPhase;
			buildActionMask = 2147483647;
			files = (
				A7640D5A0DF91A3BBF49BF38 /* Pods_stfab4.framework in Frameworks */,
			);
			runOnlyForDeploymentPostprocessing = 0;
		};
/* End PBXFrameworksBuildPhase section */

/* Begin PBXGroup section */
		49270347202F408E00C291A8 = {
			isa = PBXGroup;
			children = (
				49270352202F408F00C291A8 /* stfab4 */,
				49270351202F408F00C291A8 /* Products */,
				4DEB43A9AE3AE0F872DA5A68 /* Pods */,
				7B1D75100E816B48F40C0231 /* Frameworks */,
			);
			sourceTree = "<group>";
		};
		49270351202F408F00C291A8 /* Products */ = {
			isa = PBXGroup;
			children = (
				49270350202F408F00C291A8 /* stfab4.app */,
			);
			name = Products;
			sourceTree = "<group>";
		};
		49270352202F408F00C291A8 /* stfab4 */ = {
			isa = PBXGroup;
			children = (
				49270353202F408F00C291A8 /* AppDelegate.swift */,
				49270355202F408F00C291A8 /* ViewController.swift */,
				49270357202F408F00C291A8 /* Main.storyboard */,
				4927035A202F408F00C291A8 /* Assets.xcassets */,
				4927035C202F408F00C291A8 /* LaunchScreen.storyboard */,
				4927035F202F408F00C291A8 /* Info.plist */,
				49270367202F899A00C291A8 /* MembersTableViewCell.swift */,
				49270368202F899A00C291A8 /* MembersTableViewCell.xib */,
				4927036B202F8F0300C291A8 /* MemberLoginViewController.swift */,
				4927036D20301D1A00C291A8 /* MembersTableViewController.swift */,
				496F74612034D81B001951CE /* MemberCellModel.swift */,
				496F74632034E3D2001951CE /* MemberDetailViewController.swift */,
			);
			path = stfab4;
			sourceTree = "<group>";
		};
		4DEB43A9AE3AE0F872DA5A68 /* Pods */ = {
			isa = PBXGroup;
			children = (
				719A56914FFF5A81E8D087C5 /* Pods-stfab4.debug.xcconfig */,
				6B8708DAFF15783E1B863257 /* Pods-stfab4.release.xcconfig */,
			);
			name = Pods;
			sourceTree = "<group>";
		};
		7B1D75100E816B48F40C0231 /* Frameworks */ = {
			isa = PBXGroup;
			children = (
				4DD8E547F7B07724F757A3C5 /* Pods_stfab4.framework */,
			);
			name = Frameworks;
			sourceTree = "<group>";
		};
/* End PBXGroup section */

/* Begin PBXNativeTarget section */
		4927034F202F408E00C291A8 /* stfab4 */ = {
			isa = PBXNativeTarget;
			buildConfigurationList = 49270362202F408F00C291A8 /* Build configuration list for PBXNativeTarget "stfab4" */;
			buildPhases = (
				FE50E35ADEE3612A9E399133 /* [CP] Check Pods Manifest.lock */,
				4927034C202F408E00C291A8 /* Sources */,
				4927034D202F408E00C291A8 /* Frameworks */,
				4927034E202F408E00C291A8 /* Resources */,
				9C437D9288F5845E5ECF6004 /* [CP] Embed Pods Frameworks */,
				09DD7C4F352C9DBB0D24805D /* [CP] Copy Pods Resources */,
			);
			buildRules = (
			);
			dependencies = (
			);
			name = stfab4;
			productName = stfab4;
			productReference = 49270350202F408F00C291A8 /* stfab4.app */;
			productType = "com.apple.product-type.application";
		};
/* End PBXNativeTarget section */

/* Begin PBXProject section */
		49270348202F408E00C291A8 /* Project object */ = {
			isa = PBXProject;
			attributes = {
				LastSwiftUpdateCheck = 0900;
				LastUpgradeCheck = 0900;
				ORGANIZATIONNAME = MKB;
				TargetAttributes = {
					4927034F202F408E00C291A8 = {
						CreatedOnToolsVersion = 9.0.1;
						ProvisioningStyle = Automatic;
					};
				};
			};
			buildConfigurationList = 4927034B202F408E00C291A8 /* Build configuration list for PBXProject "stfab4" */;
			compatibilityVersion = "Xcode 8.0";
			developmentRegion = en;
			hasScannedForEncodings = 0;
			knownRegions = (
				en,
				Base,
			);
			mainGroup = 49270347202F408E00C291A8;
			productRefGroup = 49270351202F408F00C291A8 /* Products */;
			projectDirPath = "";
			projectRoot = "";
			targets = (
				4927034F202F408E00C291A8 /* stfab4 */,
			);
		};
/* End PBXProject section */

/* Begin PBXResourcesBuildPhase section */
		4927034E202F408E00C291A8 /* Resources */ = {
			isa = PBXResourcesBuildPhase;
			buildActionMask = 2147483647;
			files = (
				4927035E202F408F00C291A8 /* LaunchScreen.storyboard in Resources */,
				4927035B202F408F00C291A8 /* Assets.xcassets in Resources */,
				49270359202F408F00C291A8 /* Main.storyboard in Resources */,
				4927036A202F899A00C291A8 /* MembersTableViewCell.xib in Resources */,
			);
			runOnlyForDeploymentPostprocessing = 0;
		};
/* End PBXResourcesBuildPhase section */

/* Begin PBXShellScriptBuildPhase section */
		09DD7C4F352C9DBB0D24805D /* [CP] Copy Pods Resources */ = {
			isa = PBXShellScriptBuildPhase;
			buildActionMask = 2147483647;
			files = (
			);
			inputPaths = (
			);
			name = "[CP] Copy Pods Resources";
			outputPaths = (
			);
			runOnlyForDeploymentPostprocessing = 0;
			shellPath = /bin/sh;
			shellScript = "\"${SRCROOT}/Pods/Target Support Files/Pods-stfab4/Pods-stfab4-resources.sh\"\n";
			showEnvVarsInLog = 0;
		};
		9C437D9288F5845E5ECF6004 /* [CP] Embed Pods Frameworks */ = {
			isa = PBXShellScriptBuildPhase;
			buildActionMask = 2147483647;
			files = (
			);
			inputPaths = (
				"${SRCROOT}/Pods/Target Support Files/Pods-stfab4/Pods-stfab4-frameworks.sh",
				"${BUILT_PRODUCTS_DIR}/Alamofire/Alamofire.framework",
			);
			name = "[CP] Embed Pods Frameworks";
			outputPaths = (
				"${TARGET_BUILD_DIR}/${FRAMEWORKS_FOLDER_PATH}/Alamofire.framework",
			);
			runOnlyForDeploymentPostprocessing = 0;
			shellPath = /bin/sh;
			shellScript = "\"${SRCROOT}/Pods/Target Support Files/Pods-stfab4/Pods-stfab4-frameworks.sh\"\n";
			showEnvVarsInLog = 0;
		};
		FE50E35ADEE3612A9E399133 /* [CP] Check Pods Manifest.lock */ = {
			isa = PBXShellScriptBuildPhase;
			buildActionMask = 2147483647;
			files = (
			);
			inputPaths = (
				"${PODS_PODFILE_DIR_PATH}/Podfile.lock",
				"${PODS_ROOT}/Manifest.lock",
			);
			name = "[CP] Check Pods Manifest.lock";
			outputPaths = (
				"$(DERIVED_FILE_DIR)/Pods-stfab4-checkManifestLockResult.txt",
			);
			runOnlyForDeploymentPostprocessing = 0;
			shellPath = /bin/sh;
			shellScript = "diff \"${PODS_PODFILE_DIR_PATH}/Podfile.lock\" \"${PODS_ROOT}/Manifest.lock\" > /dev/null\nif [ $? != 0 ] ; then\n    # print error to STDERR\n    echo \"error: The sandbox is not in sync with the Podfile.lock. Run 'pod install' or update your CocoaPods installation.\" >&2\n    exit 1\nfi\n# This output is used by Xcode 'outputs' to avoid re-running this script phase.\necho \"SUCCESS\" > \"${SCRIPT_OUTPUT_FILE_0}\"\n";
			showEnvVarsInLog = 0;
		};
/* End PBXShellScriptBuildPhase section */

/* Begin PBXSourcesBuildPhase section */
		4927034C202F408E00C291A8 /* Sources */ = {
			isa = PBXSourcesBuildPhase;
			buildActionMask = 2147483647;
			files = (
				496F74622034D81B001951CE /* MemberCellModel.swift in Sources */,
				49270369202F899A00C291A8 /* MembersTableViewCell.swift in Sources */,
				49270356202F408F00C291A8 /* ViewController.swift in Sources */,
				4927036C202F8F0300C291A8 /* MemberLoginViewController.swift in Sources */,
				496F74642034E3D2001951CE /* MemberDetailViewController.swift in Sources */,
				49270354202F408F00C291A8 /* AppDelegate.swift in Sources */,
				4927036E20301D1B00C291A8 /* MembersTableViewController.swift in Sources */,
			);
			runOnlyForDeploymentPostprocessing = 0;
		};
/* End PBXSourcesBuildPhase section */

/* Begin PBXVariantGroup section */
		49270357202F408F00C291A8 /* Main.storyboard */ = {
			isa = PBXVariantGroup;
			children = (
				49270358202F408F00C291A8 /* Base */,
			);
			name = Main.storyboard;
			sourceTree = "<group>";
		};
		4927035C202F408F00C291A8 /* LaunchScreen.storyboard */ = {
			isa = PBXVariantGroup;
			children = (
				4927035D202F408F00C291A8 /* Base */,
			);
			name = LaunchScreen.storyboard;
			sourceTree = "<group>";
		};
/* End PBXVariantGroup section */

/* Begin XCBuildConfiguration section */
		49270360202F408F00C291A8 /* Debug */ = {
			isa = XCBuildConfiguration;
			buildSettings = {
				ALWAYS_SEARCH_USER_PATHS = NO;
				CLANG_ANALYZER_NONNULL = YES;
				CLANG_ANALYZER_NUMBER_OBJECT_CONVERSION = YES_AGGRESSIVE;
				CLANG_CXX_LANGUAGE_STANDARD = "gnu++14";
				CLANG_CXX_LIBRARY = "libc++";
				CLANG_ENABLE_MODULES = YES;
				CLANG_ENABLE_OBJC_ARC = YES;
				CLANG_WARN_BLOCK_CAPTURE_AUTORELEASING = YES;
				CLANG_WARN_BOOL_CONVERSION = YES;
				CLANG_WARN_COMMA = YES;
				CLANG_WARN_CONSTANT_CONVERSION = YES;
				CLANG_WARN_DIRECT_OBJC_ISA_USAGE = YES_ERROR;
				CLANG_WARN_DOCUMENTATION_COMMENTS = YES;
				CLANG_WARN_EMPTY_BODY = YES;
				CLANG_WARN_ENUM_CONVERSION = YES;
				CLANG_WARN_INFINITE_RECURSION = YES;
				CLANG_WARN_INT_CONVERSION = YES;
				CLANG_WARN_NON_LITERAL_NULL_CONVERSION = YES;
				CLANG_WARN_OBJC_LITERAL_CONVERSION = YES;
				CLANG_WARN_OBJC_ROOT_CLASS = YES_ERROR;
				CLANG_WARN_RANGE_LOOP_ANALYSIS = YES;
				CLANG_WARN_STRICT_PROTOTYPES = YES;
				CLANG_WARN_SUSPICIOUS_MOVE = YES;
				CLANG_WARN_UNGUARDED_AVAILABILITY = YES_AGGRESSIVE;
				CLANG_WARN_UNREACHABLE_CODE = YES;
				CLANG_WARN__DUPLICATE_METHOD_MATCH = YES;
				CODE_SIGN_IDENTITY = "iPhone Developer";
				COPY_PHASE_STRIP = NO;
				DEBUG_INFORMATION_FORMAT = dwarf;
				ENABLE_STRICT_OBJC_MSGSEND = YES;
				ENABLE_TESTABILITY = YES;
				GCC_C_LANGUAGE_STANDARD = gnu11;
				GCC_DYNAMIC_NO_PIC = NO;
				GCC_NO_COMMON_BLOCKS = YES;
				GCC_OPTIMIZATION_LEVEL = 0;
				GCC_PREPROCESSOR_DEFINITIONS = (
					"DEBUG=1",
					"$(inherited)",
				);
				GCC_WARN_64_TO_32_BIT_CONVERSION = YES;
				GCC_WARN_ABOUT_RETURN_TYPE = YES_ERROR;
				GCC_WARN_UNDECLARED_SELECTOR = YES;
				GCC_WARN_UNINITIALIZED_AUTOS = YES_AGGRESSIVE;
				GCC_WARN_UNUSED_FUNCTION = YES;
				GCC_WARN_UNUSED_VARIABLE = YES;
				IPHONEOS_DEPLOYMENT_TARGET = 11.0;
				MTL_ENABLE_DEBUG_INFO = YES;
				ONLY_ACTIVE_ARCH = YES;
				SDKROOT = iphoneos;
				SWIFT_ACTIVE_COMPILATION_CONDITIONS = DEBUG;
				SWIFT_OPTIMIZATION_LEVEL = "-Onone";
			};
			name = Debug;
		};
		49270361202F408F00C291A8 /* Release */ = {
			isa = XCBuildConfiguration;
			buildSettings = {
				ALWAYS_SEARCH_USER_PATHS = NO;
				CLANG_ANALYZER_NONNULL = YES;
				CLANG_ANALYZER_NUMBER_OBJECT_CONVERSION = YES_AGGRESSIVE;
				CLANG_CXX_LANGUAGE_STANDARD = "gnu++14";
				CLANG_CXX_LIBRARY = "libc++";
				CLANG_ENABLE_MODULES = YES;
				CLANG_ENABLE_OBJC_ARC = YES;
				CLANG_WARN_BLOCK_CAPTURE_AUTORELEASING = YES;
				CLANG_WARN_BOOL_CONVERSION = YES;
				CLANG_WARN_COMMA = YES;
				CLANG_WARN_CONSTANT_CONVERSION = YES;
				CLANG_WARN_DIRECT_OBJC_ISA_USAGE = YES_ERROR;
				CLANG_WARN_DOCUMENTATION_COMMENTS = YES;
				CLANG_WARN_EMPTY_BODY = YES;
				CLANG_WARN_ENUM_CONVERSION = YES;
				CLANG_WARN_INFINITE_RECURSION = YES;
				CLANG_WARN_INT_CONVERSION = YES;
				CLANG_WARN_NON_LITERAL_NULL_CONVERSION = YES;
				CLANG_WARN_OBJC_LITERAL_CONVERSION = YES;
				CLANG_WARN_OBJC_ROOT_CLASS = YES_ERROR;
				CLANG_WARN_RANGE_LOOP_ANALYSIS = YES;
				CLANG_WARN_STRICT_PROTOTYPES = YES;
				CLANG_WARN_SUSPICIOUS_MOVE = YES;
				CLANG_WARN_UNGUARDED_AVAILABILITY = YES_AGGRESSIVE;
				CLANG_WARN_UNREACHABLE_CODE = YES;
				CLANG_WARN__DUPLICATE_METHOD_MATCH = YES;
				CODE_SIGN_IDENTITY = "iPhone Developer";
				COPY_PHASE_STRIP = NO;
				DEBUG_INFORMATION_FORMAT = "dwarf-with-dsym";
				ENABLE_NS_ASSERTIONS = NO;
				ENABLE_STRICT_OBJC_MSGSEND = YES;
				GCC_C_LANGUAGE_STANDARD = gnu11;
				GCC_NO_COMMON_BLOCKS = YES;
				GCC_WARN_64_TO_32_BIT_CONVERSION = YES;
				GCC_WARN_ABOUT_RETURN_TYPE = YES_ERROR;
				GCC_WARN_UNDECLARED_SELECTOR = YES;
				GCC_WARN_UNINITIALIZED_AUTOS = YES_AGGRESSIVE;
				GCC_WARN_UNUSED_FUNCTION = YES;
				GCC_WARN_UNUSED_VARIABLE = YES;
				IPHONEOS_DEPLOYMENT_TARGET = 11.0;
				MTL_ENABLE_DEBUG_INFO = NO;
				SDKROOT = iphoneos;
				SWIFT_OPTIMIZATION_LEVEL = "-Owholemodule";
				VALIDATE_PRODUCT = YES;
			};
			name = Release;
		};
		49270363202F408F00C291A8 /* Debug */ = {
			isa = XCBuildConfiguration;
			baseConfigurationReference = 719A56914FFF5A81E8D087C5 /* Pods-stfab4.debug.xcconfig */;
			buildSettings = {
				ASSETCATALOG_COMPILER_APPICON_NAME = AppIcon;
				CODE_SIGN_STYLE = Automatic;
				DEVELOPMENT_TEAM = 4UGTE59LML;
				INFOPLIST_FILE = stfab4/Info.plist;
				IPHONEOS_DEPLOYMENT_TARGET = 11.0;
				LD_RUNPATH_SEARCH_PATHS = "$(inherited) @executable_path/Frameworks";
				PRODUCT_BUNDLE_IDENTIFIER = com.yaya.stfab4;
				PRODUCT_NAME = "$(TARGET_NAME)";
				SWIFT_VERSION = 4.0;
				TARGETED_DEVICE_FAMILY = "1,2";
			};
			name = Debug;
		};
		49270364202F408F00C291A8 /* Release */ = {
			isa = XCBuildConfiguration;
			baseConfigurationReference = 6B8708DAFF15783E1B863257 /* Pods-stfab4.release.xcconfig */;
			buildSettings = {
				ASSETCATALOG_COMPILER_APPICON_NAME = AppIcon;
				CODE_SIGN_STYLE = Automatic;
				DEVELOPMENT_TEAM = 4UGTE59LML;
				INFOPLIST_FILE = stfab4/Info.plist;
				IPHONEOS_DEPLOYMENT_TARGET = 11.0;
				LD_RUNPATH_SEARCH_PATHS = "$(inherited) @executable_path/Frameworks";
				PRODUCT_BUNDLE_IDENTIFIER = com.yaya.stfab4;
				PRODUCT_NAME = "$(TARGET_NAME)";
				SWIFT_VERSION = 4.0;
				TARGETED_DEVICE_FAMILY = "1,2";
			};
			name = Release;
		};
/* End XCBuildConfiguration section */

/* Begin XCConfigurationList section */
		4927034B202F408E00C291A8 /* Build configuration list for PBXProject "stfab4" */ = {
			isa = XCConfigurationList;
			buildConfigurations = (
				49270360202F408F00C291A8 /* Debug */,
				49270361202F408F00C291A8 /* Release */,
			);
			defaultConfigurationIsVisible = 0;
			defaultConfigurationName = Release;
		};
		49270362202F408F00C291A8 /* Build configuration list for PBXNativeTarget "stfab4" */ = {
			isa = XCConfigurationList;
			buildConfigurations = (
				49270363202F408F00C291A8 /* Debug */,
				49270364202F408F00C291A8 /* Release */,
			);
			defaultConfigurationIsVisible = 0;
			defaultConfigurationName = Release;
		};
/* End XCConfigurationList section */
	};
	rootObject = 49270348202F408E00C291A8 /* Project object */;
}
